
Microsoft Visual Studio Solution File, Format Version 12.00
# Visual Studio Version 17
VisualStudioVersion = 17.3.32811.315
MinimumVisualStudioVersion = 10.0.40219.1
Project("{9A19103F-16F7-4668-BE54-9A1E7A4F7556}") = "Hundehuset", "Hundehuset.csproj", "{8C8BD71A-9D23-4660-8C10-6B6EEA043E45}"
EndProject
Project("{FAE04EC0-301F-11D3-BF4B-00C04F79EFBC}") = "HundehusetTest", "..\HundehusetTest\HundehusetTest.csproj", "{84124F1C-6B21-4646-BF49-6927500B1BE9}"
EndProject
Global
	GlobalSection(SolutionConfigurationPlatforms) = preSolution
		Debug|Any CPU = Debug|Any CPU
		Release|Any CPU = Release|Any CPU
	EndGlobalSection
	GlobalSection(ProjectConfigurationPlatforms) = postSolution
		{8C8BD71A-9D23-4660-8C10-6B6EEA043E45}.Debug|Any CPU.ActiveCfg = Debug|Any CPU
		{8C8BD71A-9D23-4660-8C10-6B6EEA043E45}.Debug|Any CPU.Build.0 = Debug|Any CPU
		{8C8BD71A-9D23-4660-8C10-6B6EEA043E45}.Release|Any CPU.ActiveCfg = Release|Any CPU
		{8C8BD71A-9D23-4660-8C10-6B6EEA043E45}.Release|Any CPU.Build.0 = Release|Any CPU
		{84124F1C-6B21-4646-BF49-6927500B1BE9}.Debug|Any CPU.ActiveCfg = Debug|Any CPU
		{84124F1C-6B21-4646-BF49-6927500B1BE9}.Debug|Any CPU.Build.0 = Debug|Any CPU
		{84124F1C-6B21-4646-BF49-6927500B1BE9}.Release|Any CPU.ActiveCfg = Release|Any CPU
		{84124F1C-6B21-4646-BF49-6927500B1BE9}.Release|Any CPU.Build.0 = Release|Any CPU
	EndGlobalSection
	GlobalSection(SolutionProperties) = preSolution
		HideSolutionNode = FALSE
	EndGlobalSection
	GlobalSection(ExtensibilityGlobals) = postSolution
		SolutionGuid = {6C787E1F-0641-491F-AB7C-3959293D3A9D}
	EndGlobalSection
EndGlobal
